
Microsoft Visual Studio Solution File, Format Version 12.00
Project("{FAE04EC0-301F-11D3-BF4B-00C04F79EFBC}") = "UrlShortener.Api", "Api\src\UrlShortener.Api\UrlShortener.Api.csproj", "{0C661F85-76DB-4734-8C03-487EF8A2CA1B}"
EndProject
Project("{2150E333-8FDC-42A3-9474-1A3956D46DE8}") = "Api", "Api", "{BBDA1D08-AA77-4A77-B3CB-79EE7B01D48A}"
EndProject
Project("{2150E333-8FDC-42A3-9474-1A3956D46DE8}") = "src", "src", "{41E6DB54-5A7D-43B0-8801-8121088C472C}"
EndProject
Project("{2150E333-8FDC-42A3-9474-1A3956D46DE8}") = "tests", "tests", "{24286737-F010-493A-9733-25AC50CB4F84}"
EndProject
Project("{FAE04EC0-301F-11D3-BF4B-00C04F79EFBC}") = "UrlShortener.Api.Core.Tests", "Api\tests\UrlShortener.Api.Core.Tests\UrlShortener.Api.Core.Tests.csproj", "{0BEBC5F1-EDA5-4267-8016-ECF2EFC3A48E}"
EndProject
Project("{FAE04EC0-301F-11D3-BF4B-00C04F79EFBC}") = "UrlShortener.Code", "Api\src\UrlShortener.Code\UrlShortener.Code.csproj", "{DDFEAC2D-E838-4C37-827C-0A9BB8B45E70}"
EndProject
Global
	GlobalSection(SolutionConfigurationPlatforms) = preSolution
		Debug|Any CPU = Debug|Any CPU
		Release|Any CPU = Release|Any CPU
	EndGlobalSection
	GlobalSection(ProjectConfigurationPlatforms) = postSolution
		{0C661F85-76DB-4734-8C03-487EF8A2CA1B}.Debug|Any CPU.ActiveCfg = Debug|Any CPU
		{0C661F85-76DB-4734-8C03-487EF8A2CA1B}.Debug|Any CPU.Build.0 = Debug|Any CPU
		{0C661F85-76DB-4734-8C03-487EF8A2CA1B}.Release|Any CPU.ActiveCfg = Release|Any CPU
		{0C661F85-76DB-4734-8C03-487EF8A2CA1B}.Release|Any CPU.Build.0 = Release|Any CPU
		{0BEBC5F1-EDA5-4267-8016-ECF2EFC3A48E}.Debug|Any CPU.ActiveCfg = Debug|Any CPU
		{0BEBC5F1-EDA5-4267-8016-ECF2EFC3A48E}.Debug|Any CPU.Build.0 = Debug|Any CPU
		{0BEBC5F1-EDA5-4267-8016-ECF2EFC3A48E}.Release|Any CPU.ActiveCfg = Release|Any CPU
		{0BEBC5F1-EDA5-4267-8016-ECF2EFC3A48E}.Release|Any CPU.Build.0 = Release|Any CPU
		{DDFEAC2D-E838-4C37-827C-0A9BB8B45E70}.Debug|Any CPU.ActiveCfg = Debug|Any CPU
		{DDFEAC2D-E838-4C37-827C-0A9BB8B45E70}.Debug|Any CPU.Build.0 = Debug|Any CPU
		{DDFEAC2D-E838-4C37-827C-0A9BB8B45E70}.Release|Any CPU.ActiveCfg = Release|Any CPU
		{DDFEAC2D-E838-4C37-827C-0A9BB8B45E70}.Release|Any CPU.Build.0 = Release|Any CPU
	EndGlobalSection
	GlobalSection(NestedProjects) = preSolution
		{41E6DB54-5A7D-43B0-8801-8121088C472C} = {BBDA1D08-AA77-4A77-B3CB-79EE7B01D48A}
		{0C661F85-76DB-4734-8C03-487EF8A2CA1B} = {41E6DB54-5A7D-43B0-8801-8121088C472C}
		{24286737-F010-493A-9733-25AC50CB4F84} = {BBDA1D08-AA77-4A77-B3CB-79EE7B01D48A}
		{0BEBC5F1-EDA5-4267-8016-ECF2EFC3A48E} = {24286737-F010-493A-9733-25AC50CB4F84}
		{DDFEAC2D-E838-4C37-827C-0A9BB8B45E70} = {41E6DB54-5A7D-43B0-8801-8121088C472C}
	EndGlobalSection
EndGlobal
